
Microsoft Visual Studio Solution File, Format Version 12.00
# Visual Studio Version 16
VisualStudioVersion = 16.0.29123.88
MinimumVisualStudioVersion = 10.0.40219.1
Project("{FAE04EC0-301F-11D3-BF4B-00C04F79EFBC}") = "MyShop.Core", "MyShop.Core\MyShop.Core.csproj", "{AF0908E0-D533-4550-B860-AF2E3AE0967F}"
EndProject
Project("{FAE04EC0-301F-11D3-BF4B-00C04F79EFBC}") = "MyShop.Services", "MyShop.Services\MyShop.Services.csproj", "{FE1833FD-FEAC-483C-B74C-18F97949492E}"
EndProject
Project("{FAE04EC0-301F-11D3-BF4B-00C04F79EFBC}") = "MyShop.DataAccess.SQL", "MyShop.DataAccess.SQL\MyShop.DataAccess.SQL.csproj", "{E49AE940-0139-4F2B-9A1A-D53E84E74170}"
EndProject
Project("{FAE04EC0-301F-11D3-BF4B-00C04F79EFBC}") = "MyShop.DataAccess.InMemory", "MyShop.DataAccess.InMemory\MyShop.DataAccess.InMemory.csproj", "{B6FE0D36-5C78-46C9-BAA0-64D0BD83CDED}"
EndProject
Project("{FAE04EC0-301F-11D3-BF4B-00C04F79EFBC}") = "MyShop.WebUI", "MyShop.WebUI\MyShop.WebUI.csproj", "{05AD9382-6FD5-475D-A4D2-BC3117E7974F}"
EndProject
Project("{FAE04EC0-301F-11D3-BF4B-00C04F79EFBC}") = "MyShop.WebUI.Tests", "MyShop.WebUI.Tests\MyShop.WebUI.Tests.csproj", "{3B3D7F65-8A62-41AD-8959-0FFF3B5102AB}"
EndProject
Global
	GlobalSection(SolutionConfigurationPlatforms) = preSolution
		Debug|Any CPU = Debug|Any CPU
		Release|Any CPU = Release|Any CPU
	EndGlobalSection
	GlobalSection(ProjectConfigurationPlatforms) = postSolution
		{AF0908E0-D533-4550-B860-AF2E3AE0967F}.Debug|Any CPU.ActiveCfg = Debug|Any CPU
		{AF0908E0-D533-4550-B860-AF2E3AE0967F}.Debug|Any CPU.Build.0 = Debug|Any CPU
		{AF0908E0-D533-4550-B860-AF2E3AE0967F}.Release|Any CPU.ActiveCfg = Release|Any CPU
		{AF0908E0-D533-4550-B860-AF2E3AE0967F}.Release|Any CPU.Build.0 = Release|Any CPU
		{FE1833FD-FEAC-483C-B74C-18F97949492E}.Debug|Any CPU.ActiveCfg = Debug|Any CPU
		{FE1833FD-FEAC-483C-B74C-18F97949492E}.Debug|Any CPU.Build.0 = Debug|Any CPU
		{FE1833FD-FEAC-483C-B74C-18F97949492E}.Release|Any CPU.ActiveCfg = Release|Any CPU
		{FE1833FD-FEAC-483C-B74C-18F97949492E}.Release|Any CPU.Build.0 = Release|Any CPU
		{E49AE940-0139-4F2B-9A1A-D53E84E74170}.Debug|Any CPU.ActiveCfg = Debug|Any CPU
		{E49AE940-0139-4F2B-9A1A-D53E84E74170}.Debug|Any CPU.Build.0 = Debug|Any CPU
		{E49AE940-0139-4F2B-9A1A-D53E84E74170}.Release|Any CPU.ActiveCfg = Release|Any CPU
		{E49AE940-0139-4F2B-9A1A-D53E84E74170}.Release|Any CPU.Build.0 = Release|Any CPU
		{B6FE0D36-5C78-46C9-BAA0-64D0BD83CDED}.Debug|Any CPU.ActiveCfg = Debug|Any CPU
		{B6FE0D36-5C78-46C9-BAA0-64D0BD83CDED}.Debug|Any CPU.Build.0 = Debug|Any CPU
		{B6FE0D36-5C78-46C9-BAA0-64D0BD83CDED}.Release|Any CPU.ActiveCfg = Release|Any CPU
		{B6FE0D36-5C78-46C9-BAA0-64D0BD83CDED}.Release|Any CPU.Build.0 = Release|Any CPU
		{05AD9382-6FD5-475D-A4D2-BC3117E7974F}.Debug|Any CPU.ActiveCfg = Debug|Any CPU
		{05AD9382-6FD5-475D-A4D2-BC3117E7974F}.Debug|Any CPU.Build.0 = Debug|Any CPU
		{05AD9382-6FD5-475D-A4D2-BC3117E7974F}.Release|Any CPU.ActiveCfg = Release|Any CPU
		{05AD9382-6FD5-475D-A4D2-BC3117E7974F}.Release|Any CPU.Build.0 = Release|Any CPU
		{3B3D7F65-8A62-41AD-8959-0FFF3B5102AB}.Debug|Any CPU.ActiveCfg = Debug|Any CPU
		{3B3D7F65-8A62-41AD-8959-0FFF3B5102AB}.Debug|Any CPU.Build.0 = Debug|Any CPU
		{3B3D7F65-8A62-41AD-8959-0FFF3B5102AB}.Release|Any CPU.ActiveCfg = Release|Any CPU
		{3B3D7F65-8A62-41AD-8959-0FFF3B5102AB}.Release|Any CPU.Build.0 = Release|Any CPU
	EndGlobalSection
	GlobalSection(SolutionProperties) = preSolution
		HideSolutionNode = FALSE
	EndGlobalSection
	GlobalSection(ExtensibilityGlobals) = postSolution
		SolutionGuid = {3B5160B9-1F8C-47F5-ACA9-109A47BE0475}
	EndGlobalSection
EndGlobal
